{
  "name": "aml-nam",
  "lockfileVersion": 3,
  "requires": true,
  "packages": {
    "": {
      "name": "aml-nam",
      "dependencies": {
        "@toon-format/toon": "2.3.1"
      },
      "devDependencies": {
        "gbnf": "0.1.41"
      }
    },
    "node_modules/@toon-format/toon": {
      "version": "2.3.1",
      "resolved": "https://registry.npmjs.org/@toon-format/toon/-/toon-2.3.1.tgz",
      "integrity": "sha512-sWqEMeAJGMda9qRrfPKrX3C4c33CO9SJuvJzzrcBEn5sbDB+k6pSLkDsfN0rVnLQwR97MV3sDgVbcxQNsq8xVw==",
      "license": "MIT"
    },
    "node_modules/gbnf": {
      "version": "0.1.41",
      "resolved": "https://registry.npmjs.org/gbnf/-/gbnf-0.1.41.tgz",
      "integrity": "sha512-p6DpLMpetkru/+0UqDaRt+pp2pr+5fWr24DUZtCk5YUnXC90PIXec5wc3sASSvjxWkq662B4wllfP2H9XySNqg==",
      "dev": true,
      "license": "MIT"
    }
  }
}
